<?xml version="1.0" encoding="utf-8"?>
<Project ToolsVersion="4.0" xmlns="http://schemas.microsoft.com/developer/msbuild/2003">
  <ItemGroup>
    <Filter Include="소스 파일">
      <UniqueIdentifier>{4FC737F1-C7A5-4376-A066-2A32D752A2FF}</UniqueIdentifier>
      <Extensions>cpp;c;cc;cxx;c++;cppm;ixx;def;odl;idl;hpj;bat;asm;asmx</Extensions>
    </Filter>
    <Filter Include="헤더 파일">
      <UniqueIdentifier>{93995380-89BD-4b04-88EB-625FBE52EBFB}</UniqueIdentifier>
      <Extensions>h;hh;hpp;hxx;h++;hm;inl;inc;ipp;xsd</Extensions>
    </Filter>
    <Filter Include="리소스 파일">
      <UniqueIdentifier>{67DA6AB6-F800-4c08-8B7A-83BB121AAD01}</UniqueIdentifier>
      <Extensions>rc;ico;cur;bmp;dlg;rc2;rct;bin;rgs;gif;jpg;jpeg;jpe;resx;tiff;tif;png;wav;mfcribbon-ms</Extensions>
    </Filter>
  </ItemGroup>
  <ItemGroup>
    <ClCompile Include="..\01-2.cpp">
      <Filter>소스 파일</Filter>
    </ClCompile>
    <ClCompile Include="..\01-3.cpp">
      <Filter>소스 파일</Filter>
    </ClCompile>
    <ClCompile Include="..\02. reference.cpp">
      <Filter>소스 파일</Filter>
    </ClCompile>
    <ClCompile Include="..\03. new delete.cpp">
      <Filter>소스 파일</Filter>
    </ClCompile>
    <ClCompile Include="..\04-1.cpp">
      <Filter>소스 파일</Filter>
    </ClCompile>
    <ClCompile Include="..\04-2-1. function overloading.cpp">
      <Filter>소스 파일</Filter>
    </ClCompile>
    <ClCompile Include="..\04-2-2. Date class.cpp">
      <Filter>소스 파일</Filter>
    </ClCompile>
    <ClCompile Include="..\04-2-3. Default Constructor.cpp">
      <Filter>소스 파일</Filter>
    </ClCompile>
    <ClCompile Include="..\04-2-4. Constructor Overloading.cpp">
      <Filter>소스 파일</Filter>
    </ClCompile>
    <ClCompile Include="..\04-3-1. copy constructor.cpp">
      <Filter>소스 파일</Filter>
    </ClCompile>
    <ClCompile Include="..\04-3-2. Destructor.cpp">
      <Filter>소스 파일</Filter>
    </ClCompile>
    <ClCompile Include="..\04-3-3. Destructor Test.cpp">
      <Filter>소스 파일</Filter>
    </ClCompile>
    <ClCompile Include="..\04-3-4. copy constructor.cpp">
      <Filter>소스 파일</Filter>
    </ClCompile>
    <ClCompile Include="..\04-4-1. const static.cpp">
      <Filter>소스 파일</Filter>
    </ClCompile>
    <ClCompile Include="04-5-1. MyString.cpp">
      <Filter>소스 파일</Filter>
    </ClCompile>
    <ClCompile Include="04-5-2. assign function.cpp">
      <Filter>소스 파일</Filter>
    </ClCompile>
    <ClCompile Include="04-5-3. insert.cpp">
      <Filter>소스 파일</Filter>
    </ClCompile>
    <ClCompile Include="04-5-4. erase.cpp">
      <Filter>소스 파일</Filter>
    </ClCompile>
    <ClCompile Include="04-5-5. find.cpp">
      <Filter>소스 파일</Filter>
    </ClCompile>
    <ClCompile Include="04-5-6. compare.cpp">
      <Filter>소스 파일</Filter>
    </ClCompile>
    <ClCompile Include="04-6-1 Class explicit and mutuable keyword.cpp">
      <Filter>소스 파일</Filter>
    </ClCompile>
    <ClCompile Include="04-6-2 mutable.cpp">
      <Filter>소스 파일</Filter>
    </ClCompile>
    <ClCompile Include="04-6-3 mutable cache.cpp">
      <Filter>소스 파일</Filter>
    </ClCompile>
    <ClCompile Include="05-1-1 operator overloading.cpp">
      <Filter>소스 파일</Filter>
    </ClCompile>
    <ClCompile Include="05-1-2 Complex Class.cpp">
      <Filter>소스 파일</Filter>
    </ClCompile>
  </ItemGroup>
  <ItemGroup>
    <ClInclude Include="..\03. new delete.h">
      <Filter>헤더 파일</Filter>
    </ClInclude>
    <ClInclude Include="..\header1.h">
      <Filter>헤더 파일</Filter>
    </ClInclude>
    <ClInclude Include="..\header2.h">
      <Filter>헤더 파일</Filter>
    </ClInclude>
  </ItemGroup>
</Project>