<?xml version="1.0" encoding="utf-8"?>
<Project ToolsVersion="4.0" xmlns="http://schemas.microsoft.com/developer/msbuild/2003">
  <ItemGroup>
    <Filter Include="소스 파일">
      <UniqueIdentifier>{4FC737F1-C7A5-4376-A066-2A32D752A2FF}</UniqueIdentifier>
      <Extensions>cpp;c;cc;cxx;c++;cppm;ixx;def;odl;idl;hpj;bat;asm;asmx</Extensions>
    </Filter>
    <Filter Include="헤더 파일">
      <UniqueIdentifier>{93995380-89BD-4b04-88EB-625FBE52EBFB}</UniqueIdentifier>
      <Extensions>h;hh;hpp;hxx;h++;hm;inl;inc;ipp;xsd</Extensions>
    </Filter>
    <Filter Include="리소스 파일">
      <UniqueIdentifier>{67DA6AB6-F800-4c08-8B7A-83BB121AAD01}</UniqueIdentifier>
      <Extensions>rc;ico;cur;bmp;dlg;rc2;rct;bin;rgs;gif;jpg;jpeg;jpe;resx;tiff;tif;png;wav;mfcribbon-ms</Extensions>
    </Filter>
  </ItemGroup>
  <ItemGroup>
    <ClCompile Include="04-5-1. MyString.cpp">
      <Filter>소스 파일</Filter>
    </ClCompile>
    <ClCompile Include="04-5-2. assign function.cpp">
      <Filter>소스 파일</Filter>
    </ClCompile>
    <ClCompile Include="04-5-3. insert.cpp">
      <Filter>소스 파일</Filter>
    </ClCompile>
    <ClCompile Include="04-5-4. erase.cpp">
      <Filter>소스 파일</Filter>
    </ClCompile>
    <ClCompile Include="04-5-5. find.cpp">
      <Filter>소스 파일</Filter>
    </ClCompile>
    <ClCompile Include="04-5-6. compare.cpp">
      <Filter>소스 파일</Filter>
    </ClCompile>
    <ClCompile Include="04-6-1 Class explicit and mutuable keyword.cpp">
      <Filter>소스 파일</Filter>
    </ClCompile>
    <ClCompile Include="04-6-2 mutable.cpp">
      <Filter>소스 파일</Filter>
    </ClCompile>
    <ClCompile Include="04-6-3 mutable cache.cpp">
      <Filter>소스 파일</Filter>
    </ClCompile>
    <ClCompile Include="05-1-1 operator overloading.cpp">
      <Filter>소스 파일</Filter>
    </ClCompile>
    <ClCompile Include="05-1-2 Complex Class.cpp">
      <Filter>소스 파일</Filter>
    </ClCompile>
    <ClCompile Include="05-2-1 friend.cpp">
      <Filter>소스 파일</Filter>
    </ClCompile>
    <ClCompile Include="05-2-2 Binary Operator.cpp">
      <Filter>소스 파일</Filter>
    </ClCompile>
    <ClCompile Include="05-2-3 IO Operator Overloading.cpp">
      <Filter>소스 파일</Filter>
    </ClCompile>
    <ClCompile Include="05-2-4 Subscript Operator.cpp">
      <Filter>소스 파일</Filter>
    </ClCompile>
    <ClCompile Include="05-2-5 Type Casting Operator.cpp">
      <Filter>소스 파일</Filter>
    </ClCompile>
    <ClCompile Include="05-2-6 Prefix Postfix Operator.cpp">
      <Filter>소스 파일</Filter>
    </ClCompile>
    <ClCompile Include="05-3-1 cpp Style Casting.cpp">
      <Filter>소스 파일</Filter>
    </ClCompile>
    <ClCompile Include="06-1-1 Standard String Class.cpp">
      <Filter>소스 파일</Filter>
    </ClCompile>
    <ClCompile Include="06-1-2 Employee managing program.cpp">
      <Filter>소스 파일</Filter>
    </ClCompile>
    <ClCompile Include="06-1-3 Inheritance.cpp">
      <Filter>소스 파일</Filter>
    </ClCompile>
    <ClCompile Include="06-1-3 protected.cpp">
      <Filter>소스 파일</Filter>
    </ClCompile>
    <ClCompile Include="06-1-3-1 protected.cpp">
      <Filter>소스 파일</Filter>
    </ClCompile>
    <ClCompile Include="06-1-4 Employee Inheritance.cpp">
      <Filter>소스 파일</Filter>
    </ClCompile>
    <ClCompile Include="06-2-1 virtual function.cpp">
      <Filter>소스 파일</Filter>
    </ClCompile>
    <ClCompile Include="06-2-2 overriding.cpp">
      <Filter>소스 파일</Filter>
    </ClCompile>
    <ClCompile Include="06-2-2-2 overriding.cpp">
      <Filter>소스 파일</Filter>
    </ClCompile>
    <ClCompile Include="06-2-2-3 overriding down casting.cpp">
      <Filter>소스 파일</Filter>
    </ClCompile>
    <ClCompile Include="06-2-2-4 overriding down casting.cpp">
      <Filter>소스 파일</Filter>
    </ClCompile>
    <ClCompile Include="06-2-3-1 Virtual Keyword.cpp">
      <Filter>소스 파일</Filter>
    </ClCompile>
    <ClCompile Include="06-2-5 Employee Managing.cpp">
      <Filter>소스 파일</Filter>
    </ClCompile>
    <ClCompile Include="06-2-４-1 Ｏverride Keyword.cpp">
      <Filter>소스 파일</Filter>
    </ClCompile>
    <ClCompile Include="06-2-４-2 Ｏverride Keyword.cpp">
      <Filter>소스 파일</Filter>
    </ClCompile>
    <ClCompile Include="06-3-1 Virtual Destructor.cpp">
      <Filter>소스 파일</Filter>
    </ClCompile>
    <ClCompile Include="06-3-2 Virtual Reference.cpp">
      <Filter>소스 파일</Filter>
    </ClCompile>
    <ClCompile Include="06-3-3 Virtual function principal.cpp">
      <Filter>소스 파일</Filter>
    </ClCompile>
    <ClCompile Include="06-3-4 Pure Virtual function and abstract class.cpp">
      <Filter>소스 파일</Filter>
    </ClCompile>
    <ClCompile Include="06-3-5 Multiple Inheritance.cpp">
      <Filter>소스 파일</Filter>
    </ClCompile>
    <ClCompile Include="06-3-5-2 Multiple Inheritance.cpp">
      <Filter>소스 파일</Filter>
    </ClCompile>
    <ClCompile Include="07-1-1 IO Library.cpp">
      <Filter>소스 파일</Filter>
    </ClCompile>
    <ClCompile Include="07-1-2 format flag and Manipulator.cpp">
      <Filter>소스 파일</Filter>
    </ClCompile>
    <ClCompile Include="07-1-3 Stream buffer.cpp">
      <Filter>소스 파일</Filter>
    </ClCompile>
    <ClCompile Include="07-2-1 fstream.cpp">
      <Filter>소스 파일</Filter>
    </ClCompile>
    <ClCompile Include="07-2-2 full file read.cpp">
      <Filter>소스 파일</Filter>
    </ClCompile>
    <ClCompile Include="07-2-2-2 file one line read.cpp">
      <Filter>소스 파일</Filter>
    </ClCompile>
    <ClCompile Include="07-2-3 file write.cpp">
      <Filter>소스 파일</Filter>
    </ClCompile>
    <ClCompile Include="07-2-3-2 file write.cpp">
      <Filter>소스 파일</Filter>
    </ClCompile>
    <ClCompile Include="07-2-4 ofstream operator overloading.cpp">
      <Filter>소스 파일</Filter>
    </ClCompile>
    <ClCompile Include="07-2-5 stringstream.cpp">
      <Filter>소스 파일</Filter>
    </ClCompile>
    <ClCompile Include="07-2-5-2 stringstream.cpp">
      <Filter>소스 파일</Filter>
    </ClCompile>
    <ClCompile Include="07-2-5-3 stringstream.cpp">
      <Filter>소스 파일</Filter>
    </ClCompile>
    <ClCompile Include="09-1-1 Template.cpp">
      <Filter>소스 파일</Filter>
    </ClCompile>
    <ClCompile Include="09-1-2 Template Specialization.cpp">
      <Filter>소스 파일</Filter>
    </ClCompile>
    <ClCompile Include="09-1-3 Function Template.cpp">
      <Filter>소스 파일</Filter>
    </ClCompile>
    <ClCompile Include="09-1-3-2 Function Template.cpp">
      <Filter>소스 파일</Filter>
    </ClCompile>
    <ClCompile Include="09-1-3-3 Function Object - Functor.cpp">
      <Filter>소스 파일</Filter>
    </ClCompile>
    <ClCompile Include="09-1-3-4 non-type template arguments.cpp">
      <Filter>소스 파일</Filter>
    </ClCompile>
    <ClCompile Include="09-1-3-4-2 non-type template arguments.cpp">
      <Filter>소스 파일</Filter>
    </ClCompile>
    <ClCompile Include="09-1-4 Default template arguments.cpp">
      <Filter>소스 파일</Filter>
    </ClCompile>
    <ClCompile Include="01-1 paper test review.cpp">
      <Filter>소스 파일</Filter>
    </ClCompile>
    <ClCompile Include="01-2.cpp">
      <Filter>소스 파일</Filter>
    </ClCompile>
    <ClCompile Include="01-3.cpp">
      <Filter>소스 파일</Filter>
    </ClCompile>
    <ClCompile Include="02. reference.cpp">
      <Filter>소스 파일</Filter>
    </ClCompile>
    <ClCompile Include="03. new delete.cpp">
      <Filter>소스 파일</Filter>
    </ClCompile>
    <ClCompile Include="04-1.cpp">
      <Filter>소스 파일</Filter>
    </ClCompile>
    <ClCompile Include="04-2-1. function overloading.cpp">
      <Filter>소스 파일</Filter>
    </ClCompile>
    <ClCompile Include="04-2-2. Date class.cpp">
      <Filter>소스 파일</Filter>
    </ClCompile>
    <ClCompile Include="04-2-3. Default Constructor.cpp">
      <Filter>소스 파일</Filter>
    </ClCompile>
    <ClCompile Include="04-2-4. Constructor Overloading.cpp">
      <Filter>소스 파일</Filter>
    </ClCompile>
    <ClCompile Include="04-3-1. copy constructor.cpp">
      <Filter>소스 파일</Filter>
    </ClCompile>
    <ClCompile Include="04-3-2. Destructor.cpp">
      <Filter>소스 파일</Filter>
    </ClCompile>
    <ClCompile Include="04-3-3. Destructor Test.cpp">
      <Filter>소스 파일</Filter>
    </ClCompile>
    <ClCompile Include="04-3-4. copy constructor.cpp">
      <Filter>소스 파일</Filter>
    </ClCompile>
    <ClCompile Include="04-4-1. const static.cpp">
      <Filter>소스 파일</Filter>
    </ClCompile>
    <ClCompile Include="10-1 C++ STL vector list deque.cpp">
      <Filter>소스 파일</Filter>
    </ClCompile>
    <ClCompile Include="10-1-1 C++ STL Vector l.cpp">
      <Filter>소스 파일</Filter>
    </ClCompile>
    <ClCompile Include="10-1-2 C++ STL List l.cpp">
      <Filter>소스 파일</Filter>
    </ClCompile>
    <ClCompile Include="10-2 C++ STL Set.cpp">
      <Filter>소스 파일</Filter>
    </ClCompile>
    <ClCompile Include="10-2-1 C++ STL Set.cpp">
      <Filter>소스 파일</Filter>
    </ClCompile>
    <ClCompile Include="10-2-２ C++ STL Set.cpp">
      <Filter>소스 파일</Filter>
    </ClCompile>
    <ClCompile Include="10-2-３ C++ STL Set.cpp">
      <Filter>소스 파일</Filter>
    </ClCompile>
    <ClCompile Include="10-2-4 C++ STL Map.cpp">
      <Filter>소스 파일</Filter>
    </ClCompile>
    <ClCompile Include="10-2-4-1 C++ STL Map.cpp">
      <Filter>소스 파일</Filter>
    </ClCompile>
    <ClCompile Include="10-2-4-2 C++ STL Map.cpp">
      <Filter>소스 파일</Filter>
    </ClCompile>
    <ClCompile Include="10-2-5-1 C++ STL multiset &amp; multimap.cpp">
      <Filter>소스 파일</Filter>
    </ClCompile>
    <ClCompile Include="10-2-5-2 C++ STL multiset.cpp">
      <Filter>소스 파일</Filter>
    </ClCompile>
    <ClCompile Include="10-2-5-3 C++ STL unordered_set &amp; unordered_map.cpp">
      <Filter>소스 파일</Filter>
    </ClCompile>
    <ClCompile Include="10-2-5-4 C++ STL unordered_set &amp; unordered_map hash function.cpp">
      <Filter>소스 파일</Filter>
    </ClCompile>
    <ClCompile Include="10-2-6-1 C++ STL unordered_set &amp; unordered_map class object.cpp">
      <Filter>소스 파일</Filter>
    </ClCompile>
    <ClCompile Include="10-３-1 sort.cpp">
      <Filter>소스 파일</Filter>
    </ClCompile>
    <ClCompile Include="10-３-1-2 sort predicate.cpp">
      <Filter>소스 파일</Filter>
    </ClCompile>
    <ClCompile Include="10-３-1-3 partial sort.cpp">
      <Filter>소스 파일</Filter>
    </ClCompile>
    <ClCompile Include="10-３-1-4 stable sort.cpp">
      <Filter>소스 파일</Filter>
    </ClCompile>
    <ClCompile Include="10-３-2-1 remove.cpp">
      <Filter>소스 파일</Filter>
    </ClCompile>
    <ClCompile Include="10-３-2-2 removeif.cpp">
      <Filter>소스 파일</Filter>
    </ClCompile>
    <ClCompile Include="10-３-2-3 removeif.cpp">
      <Filter>소스 파일</Filter>
    </ClCompile>
    <ClCompile Include="10-３-2-4 removeif.cpp">
      <Filter>소스 파일</Filter>
    </ClCompile>
  </ItemGroup>
  <ItemGroup>
    <ClInclude Include="..\03. new delete.h">
      <Filter>헤더 파일</Filter>
    </ClInclude>
    <ClInclude Include="..\header1.h">
      <Filter>헤더 파일</Filter>
    </ClInclude>
    <ClInclude Include="..\header2.h">
      <Filter>헤더 파일</Filter>
    </ClInclude>
  </ItemGroup>
  <ItemGroup>
    <Text Include="test.txt">
      <Filter>소스 파일</Filter>
    </Text>
  </ItemGroup>
</Project>